
Microsoft Visual Studio Solution File, Format Version 12.00
# Visual Studio Version 17
VisualStudioVersion = 17.9.34616.47
MinimumVisualStudioVersion = 10.0.40219.1
Project("{FAE04EC0-301F-11D3-BF4B-00C04F79EFBC}") = "HumanExtensions.cs", "HumanExtensions.cs.csproj", "{EEC9AD3F-34F7-4EC7-9133-9412A8F7FCEE}"
EndProject
Project("{FAE04EC0-301F-11D3-BF4B-00C04F79EFBC}") = "Magnit662", "..\Magnit662\Magnit662.csproj", "{E7B8321F-D83C-44CC-9D73-7180741D3833}"
EndProject
Global
	GlobalSection(SolutionConfigurationPlatforms) = preSolution
		Debug|Any CPU = Debug|Any CPU
		Release|Any CPU = Release|Any CPU
	EndGlobalSection
	GlobalSection(ProjectConfigurationPlatforms) = postSolution
		{EEC9AD3F-34F7-4EC7-9133-9412A8F7FCEE}.Debug|Any CPU.ActiveCfg = Debug|Any CPU
		{EEC9AD3F-34F7-4EC7-9133-9412A8F7FCEE}.Debug|Any CPU.Build.0 = Debug|Any CPU
		{EEC9AD3F-34F7-4EC7-9133-9412A8F7FCEE}.Release|Any CPU.ActiveCfg = Release|Any CPU
		{EEC9AD3F-34F7-4EC7-9133-9412A8F7FCEE}.Release|Any CPU.Build.0 = Release|Any CPU
		{E7B8321F-D83C-44CC-9D73-7180741D3833}.Debug|Any CPU.ActiveCfg = Debug|Any CPU
		{E7B8321F-D83C-44CC-9D73-7180741D3833}.Debug|Any CPU.Build.0 = Debug|Any CPU
		{E7B8321F-D83C-44CC-9D73-7180741D3833}.Release|Any CPU.ActiveCfg = Release|Any CPU
		{E7B8321F-D83C-44CC-9D73-7180741D3833}.Release|Any CPU.Build.0 = Release|Any CPU
	EndGlobalSection
	GlobalSection(SolutionProperties) = preSolution
		HideSolutionNode = FALSE
	EndGlobalSection
	GlobalSection(ExtensibilityGlobals) = postSolution
		SolutionGuid = {762066AB-6BCA-4110-B323-1872D9C1D2BC}
	EndGlobalSection
EndGlobal
